{
  "name": "bgpq3-web-api",
  "version": "1.0.0",
  "lockfileVersion": 3,
  "requires": true,
  "packages": {
    "": {
      "name": "bgpq3-web-api",
      "version": "1.0.0",
      "license": "MIT",
      "dependencies": {
        "child_process": "^1.0.2",
        "hono": "^4.3.2"
      }
    },
    "node_modules/child_process": {
      "version": "1.0.2",
      "license": "ISC"
    },
    "node_modules/hono": {
      "version": "4.3.2",
      "license": "MIT",
      "engines": {
        "node": ">=16.0.0"
      }
    }
  }
}
